// !$*UTF8*$!
{
	archiveVersion = 1;
	classes = {
	};
	objectVersion = 46;
	objects = {

/* Begin PBXBuildFile section */
		5AAE038C1D2A3DB000CC94C5 /* Default-568h@2x.png in Resources */ = {isa = PBXBuildFile; fileRef = 698E21F31D27A9AF003CE1C7 /* Default-568h@2x.png */; };
		5AAE038E1D2A3E4F00CC94C5 /* placeholder-hi.png in Resources */ = {isa = PBXBuildFile; fileRef = 5AAE038D1D2A3E4F00CC94C5 /* placeholder-hi.png */; };
		5AAE03B31D2A7CAD00CC94C5 /* CustomTableViewCell.m in Sources */ = {isa = PBXBuildFile; fileRef = 5AAE03B11D2A7CAD00CC94C5 /* CustomTableViewCell.m */; };
		5AAE03B41D2A7CAD00CC94C5 /* CustomTableViewCell.xib in Resources */ = {isa = PBXBuildFile; fileRef = 5AAE03B21D2A7CAD00CC94C5 /* CustomTableViewCell.xib */; };
		5AAE03DE1D2A7EC300CC94C5 /* Album+CoreDataProperties.m in Sources */ = {isa = PBXBuildFile; fileRef = 5AAE03D71D2A7EC300CC94C5 /* Album+CoreDataProperties.m */; };
		5AAE03DF1D2A7EC300CC94C5 /* Album.m in Sources */ = {isa = PBXBuildFile; fileRef = 5AAE03D91D2A7EC300CC94C5 /* Album.m */; };
		5AAE03E01D2A7EC300CC94C5 /* Photo+CoreDataProperties.m in Sources */ = {isa = PBXBuildFile; fileRef = 5AAE03DB1D2A7EC300CC94C5 /* Photo+CoreDataProperties.m */; };
		5AAE03E11D2A7EC300CC94C5 /* Photo.m in Sources */ = {isa = PBXBuildFile; fileRef = 5AAE03DD1D2A7EC300CC94C5 /* Photo.m */; };
		5AAE03E41D2A7EE000CC94C5 /* User+CoreDataProperties.m in Sources */ = {isa = PBXBuildFile; fileRef = 5AAE03E31D2A7EE000CC94C5 /* User+CoreDataProperties.m */; };
		5ACBA8A31DBF5C9A003D2D12 /* Launch.storyboard in Resources */ = {isa = PBXBuildFile; fileRef = 5ACBA8A21DBF5C9A003D2D12 /* Launch.storyboard */; };
		5ACBA8A81DBF600F003D2D12 /* AudioTrack+CoreDataClass.m in Sources */ = {isa = PBXBuildFile; fileRef = 5ACBA8A51DBF600F003D2D12 /* AudioTrack+CoreDataClass.m */; };
		5ACBA8A91DBF600F003D2D12 /* AudioTrack+CoreDataProperties.m in Sources */ = {isa = PBXBuildFile; fileRef = 5ACBA8A71DBF600F003D2D12 /* AudioTrack+CoreDataProperties.m */; };
		6984A9711D2CB96600487ED5 /* CustomCollectionViewCell.m in Sources */ = {isa = PBXBuildFile; fileRef = 6984A96F1D2CB96600487ED5 /* CustomCollectionViewCell.m */; };
		6984A9721D2CB96600487ED5 /* CustomCollectionViewCell.xib in Resources */ = {isa = PBXBuildFile; fileRef = 6984A9701D2CB96600487ED5 /* CustomCollectionViewCell.xib */; };
		698E21EC1D27A94A003CE1C7 /* AppDelegate.m in Sources */ = {isa = PBXBuildFile; fileRef = 698E21E01D27A94A003CE1C7 /* AppDelegate.m */; };
		698E22031D27AA95003CE1C7 /* main.m in Sources */ = {isa = PBXBuildFile; fileRef = 698E22021D27AA95003CE1C7 /* main.m */; };
		698E22071D27AACD003CE1C7 /* Assets.xcassets in Resources */ = {isa = PBXBuildFile; fileRef = 698E22061D27AACD003CE1C7 /* Assets.xcassets */; };
		698E22111D27B405003CE1C7 /* dataBase.xcdatamodeld in Sources */ = {isa = PBXBuildFile; fileRef = 698E220F1D27B405003CE1C7 /* dataBase.xcdatamodeld */; };
		698E22211D27B53C003CE1C7 /* User.m in Sources */ = {isa = PBXBuildFile; fileRef = 698E22171D27B53C003CE1C7 /* User.m */; };
		698E226C1D27CAA8003CE1C7 /* VKRequastTask.m in Sources */ = {isa = PBXBuildFile; fileRef = 698E226B1D27CAA8003CE1C7 /* VKRequastTask.m */; };
		69C4D8A01D2CAF3C002CE66A /* close.png in Resources */ = {isa = PBXBuildFile; fileRef = 69C4D89F1D2CAF3C002CE66A /* close.png */; };
		69C4D8A61D2CB80F002CE66A /* UIViewController+StatusBar.m in Sources */ = {isa = PBXBuildFile; fileRef = 69C4D8A51D2CB80F002CE66A /* UIViewController+StatusBar.m */; };
		798D59351CABF84FCF76753D /* libPods-VKTask.a in Frameworks */ = {isa = PBXBuildFile; fileRef = 5856BC0517BC7E20C677F616 /* libPods-VKTask.a */; };
		E4E96EF71D52487600691D66 /* AlbumsViewController.m in Sources */ = {isa = PBXBuildFile; fileRef = E4E96EF01D52487500691D66 /* AlbumsViewController.m */; };
		E4E96EF81D52487600691D66 /* GalleryContentViewController.m in Sources */ = {isa = PBXBuildFile; fileRef = E4E96EF21D52487500691D66 /* GalleryContentViewController.m */; };
		E4E96EF91D52487600691D66 /* GalleryViewController.m in Sources */ = {isa = PBXBuildFile; fileRef = E4E96EF41D52487600691D66 /* GalleryViewController.m */; };
		E4E96EFA1D52487600691D66 /* PhotosViewController.m in Sources */ = {isa = PBXBuildFile; fileRef = E4E96EF61D52487600691D66 /* PhotosViewController.m */; };
		E4E96EFE1D5248AE00691D66 /* AudioTableViewController.m in Sources */ = {isa = PBXBuildFile; fileRef = E4E96EFD1D5248AE00691D66 /* AudioTableViewController.m */; };
/* End PBXBuildFile section */

/* Begin PBXContainerItemProxy section */
		691603E91D27A84C00F1509B /* PBXContainerItemProxy */ = {
			isa = PBXContainerItemProxy;
			containerPortal = 691603C71D27A84C00F1509B /* Project object */;
			proxyType = 1;
			remoteGlobalIDString = 691603CE1D27A84C00F1509B;
			remoteInfo = VKTask;
		};
		691603F41D27A84C00F1509B /* PBXContainerItemProxy */ = {
			isa = PBXContainerItemProxy;
			containerPortal = 691603C71D27A84C00F1509B /* Project object */;
			proxyType = 1;
			remoteGlobalIDString = 691603CE1D27A84C00F1509B;
			remoteInfo = VKTask;
		};
/* End PBXContainerItemProxy section */

/* Begin PBXFileReference section */
		1A9126B5FB37F96F5BB30C31 /* Pods-VKTask.debug.xcconfig */ = {isa = PBXFileReference; includeInIndex = 1; lastKnownFileType = text.xcconfig; name = "Pods-VKTask.debug.xcconfig"; path = "Pods/Target Support Files/Pods-VKTask/Pods-VKTask.debug.xcconfig"; sourceTree = "<group>"; };
		5856BC0517BC7E20C677F616 /* libPods-VKTask.a */ = {isa = PBXFileReference; explicitFileType = archive.ar; includeInIndex = 0; path = "libPods-VKTask.a"; sourceTree = BUILT_PRODUCTS_DIR; };
		5AAE038D1D2A3E4F00CC94C5 /* placeholder-hi.png */ = {isa = PBXFileReference; lastKnownFileType = image.png; path = "placeholder-hi.png"; sourceTree = "<group>"; };
		5AAE03B01D2A7CAD00CC94C5 /* CustomTableViewCell.h */ = {isa = PBXFileReference; fileEncoding = 4; lastKnownFileType = sourcecode.c.h; name = CustomTableViewCell.h; path = Cells/CustomTableViewCell.h; sourceTree = "<group>"; };
		5AAE03B11D2A7CAD00CC94C5 /* CustomTableViewCell.m */ = {isa = PBXFileReference; fileEncoding = 4; lastKnownFileType = sourcecode.c.objc; name = CustomTableViewCell.m; path = Cells/CustomTableViewCell.m; sourceTree = "<group>"; };
		5AAE03B21D2A7CAD00CC94C5 /* CustomTableViewCell.xib */ = {isa = PBXFileReference; fileEncoding = 4; lastKnownFileType = file.xib; name = CustomTableViewCell.xib; path = Cells/CustomTableViewCell.xib; sourceTree = "<group>"; };
		5AAE03D61D2A7EC300CC94C5 /* Album+CoreDataProperties.h */ = {isa = PBXFileReference; fileEncoding = 4; lastKnownFileType = sourcecode.c.h; path = "Album+CoreDataProperties.h"; sourceTree = "<group>"; };
		5AAE03D71D2A7EC300CC94C5 /* Album+CoreDataProperties.m */ = {isa = PBXFileReference; fileEncoding = 4; lastKnownFileType = sourcecode.c.objc; path = "Album+CoreDataProperties.m"; sourceTree = "<group>"; };
		5AAE03D81D2A7EC300CC94C5 /* Album.h */ = {isa = PBXFileReference; fileEncoding = 4; lastKnownFileType = sourcecode.c.h; path = Album.h; sourceTree = "<group>"; };
		5AAE03D91D2A7EC300CC94C5 /* Album.m */ = {isa = PBXFileReference; fileEncoding = 4; lastKnownFileType = sourcecode.c.objc; path = Album.m; sourceTree = "<group>"; };
		5AAE03DA1D2A7EC300CC94C5 /* Photo+CoreDataProperties.h */ = {isa = PBXFileReference; fileEncoding = 4; lastKnownFileType = sourcecode.c.h; path = "Photo+CoreDataProperties.h"; sourceTree = "<group>"; };
		5AAE03DB1D2A7EC300CC94C5 /* Photo+CoreDataProperties.m */ = {isa = PBXFileReference; fileEncoding = 4; lastKnownFileType = sourcecode.c.objc; path = "Photo+CoreDataProperties.m"; sourceTree = "<group>"; };
		5AAE03DC1D2A7EC300CC94C5 /* Photo.h */ = {isa = PBXFileReference; fileEncoding = 4; lastKnownFileType = sourcecode.c.h; path = Photo.h; sourceTree = "<group>"; };
		5AAE03DD1D2A7EC300CC94C5 /* Photo.m */ = {isa = PBXFileReference; fileEncoding = 4; lastKnownFileType = sourcecode.c.objc; path = Photo.m; sourceTree = "<group>"; };
		5AAE03E21D2A7EE000CC94C5 /* User+CoreDataProperties.h */ = {isa = PBXFileReference; fileEncoding = 4; lastKnownFileType = sourcecode.c.h; path = "User+CoreDataProperties.h"; sourceTree = "<group>"; };
		5AAE03E31D2A7EE000CC94C5 /* User+CoreDataProperties.m */ = {isa = PBXFileReference; fileEncoding = 4; lastKnownFileType = sourcecode.c.objc; path = "User+CoreDataProperties.m"; sourceTree = "<group>"; };
		5ACBA8A21DBF5C9A003D2D12 /* Launch.storyboard */ = {isa = PBXFileReference; fileEncoding = 4; lastKnownFileType = file.storyboard; path = Launch.storyboard; sourceTree = "<group>"; };
		5ACBA8A41DBF600F003D2D12 /* AudioTrack+CoreDataClass.h */ = {isa = PBXFileReference; fileEncoding = 4; lastKnownFileType = sourcecode.c.h; path = "AudioTrack+CoreDataClass.h"; sourceTree = "<group>"; };
		5ACBA8A51DBF600F003D2D12 /* AudioTrack+CoreDataClass.m */ = {isa = PBXFileReference; fileEncoding = 4; lastKnownFileType = sourcecode.c.objc; path = "AudioTrack+CoreDataClass.m"; sourceTree = "<group>"; };
		5ACBA8A61DBF600F003D2D12 /* AudioTrack+CoreDataProperties.h */ = {isa = PBXFileReference; fileEncoding = 4; lastKnownFileType = sourcecode.c.h; path = "AudioTrack+CoreDataProperties.h"; sourceTree = "<group>"; };
		5ACBA8A71DBF600F003D2D12 /* AudioTrack+CoreDataProperties.m */ = {isa = PBXFileReference; fileEncoding = 4; lastKnownFileType = sourcecode.c.objc; path = "AudioTrack+CoreDataProperties.m"; sourceTree = "<group>"; };
		691603CF1D27A84C00F1509B /* VKTask.app */ = {isa = PBXFileReference; explicitFileType = wrapper.application; includeInIndex = 0; path = VKTask.app; sourceTree = BUILT_PRODUCTS_DIR; };
		691603E81D27A84C00F1509B /* VKTaskTests.xctest */ = {isa = PBXFileReference; explicitFileType = wrapper.cfbundle; includeInIndex = 0; path = VKTaskTests.xctest; sourceTree = BUILT_PRODUCTS_DIR; };
		691603F31D27A84C00F1509B /* VKTaskUITests.xctest */ = {isa = PBXFileReference; explicitFileType = wrapper.cfbundle; includeInIndex = 0; path = VKTaskUITests.xctest; sourceTree = BUILT_PRODUCTS_DIR; };
		6984A96E1D2CB96600487ED5 /* CustomCollectionViewCell.h */ = {isa = PBXFileReference; fileEncoding = 4; lastKnownFileType = sourcecode.c.h; name = CustomCollectionViewCell.h; path = Cells/CustomCollectionViewCell.h; sourceTree = "<group>"; };
		6984A96F1D2CB96600487ED5 /* CustomCollectionViewCell.m */ = {isa = PBXFileReference; fileEncoding = 4; lastKnownFileType = sourcecode.c.objc; name = CustomCollectionViewCell.m; path = Cells/CustomCollectionViewCell.m; sourceTree = "<group>"; };
		6984A9701D2CB96600487ED5 /* CustomCollectionViewCell.xib */ = {isa = PBXFileReference; fileEncoding = 4; lastKnownFileType = file.xib; name = CustomCollectionViewCell.xib; path = Cells/CustomCollectionViewCell.xib; sourceTree = "<group>"; };
		698E21DF1D27A94A003CE1C7 /* AppDelegate.h */ = {isa = PBXFileReference; fileEncoding = 4; lastKnownFileType = sourcecode.c.h; path = AppDelegate.h; sourceTree = "<group>"; };
		698E21E01D27A94A003CE1C7 /* AppDelegate.m */ = {isa = PBXFileReference; fileEncoding = 4; lastKnownFileType = sourcecode.c.objc; path = AppDelegate.m; sourceTree = "<group>"; };
		698E21EA1D27A94A003CE1C7 /* Info.plist */ = {isa = PBXFileReference; fileEncoding = 4; lastKnownFileType = text.plist.xml; path = Info.plist; sourceTree = "<group>"; };
		698E21F31D27A9AF003CE1C7 /* Default-568h@2x.png */ = {isa = PBXFileReference; lastKnownFileType = image.png; name = "Default-568h@2x.png"; path = "../../Default-568h@2x.png"; sourceTree = "<group>"; };
		698E22021D27AA95003CE1C7 /* main.m */ = {isa = PBXFileReference; fileEncoding = 4; lastKnownFileType = sourcecode.c.objc; path = main.m; sourceTree = "<group>"; };
		698E22061D27AACD003CE1C7 /* Assets.xcassets */ = {isa = PBXFileReference; lastKnownFileType = folder.assetcatalog; path = Assets.xcassets; sourceTree = "<group>"; };
		698E22101D27B405003CE1C7 /* dataBase.xcdatamodel */ = {isa = PBXFileReference; lastKnownFileType = wrapper.xcdatamodel; path = dataBase.xcdatamodel; sourceTree = "<group>"; };
		698E22161D27B53C003CE1C7 /* User.h */ = {isa = PBXFileReference; fileEncoding = 4; lastKnownFileType = sourcecode.c.h; path = User.h; sourceTree = "<group>"; };
		698E22171D27B53C003CE1C7 /* User.m */ = {isa = PBXFileReference; fileEncoding = 4; lastKnownFileType = sourcecode.c.objc; path = User.m; sourceTree = "<group>"; };
		698E226A1D27CAA8003CE1C7 /* VKRequastTask.h */ = {isa = PBXFileReference; fileEncoding = 4; lastKnownFileType = sourcecode.c.h; path = VKRequastTask.h; sourceTree = "<group>"; };
		698E226B1D27CAA8003CE1C7 /* VKRequastTask.m */ = {isa = PBXFileReference; fileEncoding = 4; lastKnownFileType = sourcecode.c.objc; path = VKRequastTask.m; sourceTree = "<group>"; };
		69C4D89F1D2CAF3C002CE66A /* close.png */ = {isa = PBXFileReference; lastKnownFileType = image.png; path = close.png; sourceTree = "<group>"; };
		69C4D8A41D2CB80F002CE66A /* UIViewController+StatusBar.h */ = {isa = PBXFileReference; fileEncoding = 4; lastKnownFileType = sourcecode.c.h; path = "UIViewController+StatusBar.h"; sourceTree = "<group>"; };
		69C4D8A51D2CB80F002CE66A /* UIViewController+StatusBar.m */ = {isa = PBXFileReference; fileEncoding = 4; lastKnownFileType = sourcecode.c.objc; path = "UIViewController+StatusBar.m"; sourceTree = "<group>"; };
		9296C05C2B6BC07EC7A23436 /* libPods-VKTaskUITests.a */ = {isa = PBXFileReference; explicitFileType = archive.ar; includeInIndex = 0; path = "libPods-VKTaskUITests.a"; sourceTree = BUILT_PRODUCTS_DIR; };
		956E071E33EE4ED6433A9F95 /* libPods-VKTaskTests.a */ = {isa = PBXFileReference; explicitFileType = archive.ar; includeInIndex = 0; path = "libPods-VKTaskTests.a"; sourceTree = BUILT_PRODUCTS_DIR; };
		B3B5BA0DB1CE5F21BCCEAB57 /* Pods-VKTask.release.xcconfig */ = {isa = PBXFileReference; includeInIndex = 1; lastKnownFileType = text.xcconfig; name = "Pods-VKTask.release.xcconfig"; path = "Pods/Target Support Files/Pods-VKTask/Pods-VKTask.release.xcconfig"; sourceTree = "<group>"; };
		E4E96EEF1D52487500691D66 /* AlbumsViewController.h */ = {isa = PBXFileReference; fileEncoding = 4; lastKnownFileType = sourcecode.c.h; path = AlbumsViewController.h; sourceTree = "<group>"; };
		E4E96EF01D52487500691D66 /* AlbumsViewController.m */ = {isa = PBXFileReference; fileEncoding = 4; lastKnownFileType = sourcecode.c.objc; path = AlbumsViewController.m; sourceTree = "<group>"; };
		E4E96EF11D52487500691D66 /* GalleryContentViewController.h */ = {isa = PBXFileReference; fileEncoding = 4; lastKnownFileType = sourcecode.c.h; path = GalleryContentViewController.h; sourceTree = "<group>"; };
		E4E96EF21D52487500691D66 /* GalleryContentViewController.m */ = {isa = PBXFileReference; fileEncoding = 4; lastKnownFileType = sourcecode.c.objc; path = GalleryContentViewController.m; sourceTree = "<group>"; };
		E4E96EF31D52487600691D66 /* GalleryViewController.h */ = {isa = PBXFileReference; fileEncoding = 4; lastKnownFileType = sourcecode.c.h; path = GalleryViewController.h; sourceTree = "<group>"; };
		E4E96EF41D52487600691D66 /* GalleryViewController.m */ = {isa = PBXFileReference; fileEncoding = 4; lastKnownFileType = sourcecode.c.objc; path = GalleryViewController.m; sourceTree = "<group>"; };
		E4E96EF51D52487600691D66 /* PhotosViewController.h */ = {isa = PBXFileReference; fileEncoding = 4; lastKnownFileType = sourcecode.c.h; path = PhotosViewController.h; sourceTree = "<group>"; };
		E4E96EF61D52487600691D66 /* PhotosViewController.m */ = {isa = PBXFileReference; fileEncoding = 4; lastKnownFileType = sourcecode.c.objc; path = PhotosViewController.m; sourceTree = "<group>"; };
		E4E96EFC1D5248AE00691D66 /* AudioTableViewController.h */ = {isa = PBXFileReference; fileEncoding = 4; lastKnownFileType = sourcecode.c.h; path = AudioTableViewController.h; sourceTree = "<group>"; };
		E4E96EFD1D5248AE00691D66 /* AudioTableViewController.m */ = {isa = PBXFileReference; fileEncoding = 4; lastKnownFileType = sourcecode.c.objc; path = AudioTableViewController.m; sourceTree = "<group>"; };
/* End PBXFileReference section */

/* Begin PBXFrameworksBuildPhase section */
		691603CC1D27A84C00F1509B /* Frameworks */ = {
			isa = PBXFrameworksBuildPhase;
			buildActionMask = 2147483647;
			files = (
				798D59351CABF84FCF76753D /* libPods-VKTask.a in Frameworks */,
			);
			runOnlyForDeploymentPostprocessing = 0;
		};
		691603E51D27A84C00F1509B /* Frameworks */ = {
			isa = PBXFrameworksBuildPhase;
			buildActionMask = 2147483647;
			files = (
			);
			runOnlyForDeploymentPostprocessing = 0;
		};
		691603F01D27A84C00F1509B /* Frameworks */ = {
			isa = PBXFrameworksBuildPhase;
			buildActionMask = 2147483647;
			files = (
			);
			runOnlyForDeploymentPostprocessing = 0;
		};
/* End PBXFrameworksBuildPhase section */

/* Begin PBXGroup section */
		5AAE03861D2A3CA600CC94C5 /* Cells */ = {
			isa = PBXGroup;
			children = (
				5AAE03B01D2A7CAD00CC94C5 /* CustomTableViewCell.h */,
				5AAE03B11D2A7CAD00CC94C5 /* CustomTableViewCell.m */,
				5AAE03B21D2A7CAD00CC94C5 /* CustomTableViewCell.xib */,
				6984A96E1D2CB96600487ED5 /* CustomCollectionViewCell.h */,
				6984A96F1D2CB96600487ED5 /* CustomCollectionViewCell.m */,
				6984A9701D2CB96600487ED5 /* CustomCollectionViewCell.xib */,
			);
			name = Cells;
			sourceTree = "<group>";
		};
		5ABBD91D1D2A270200107A9E /* Categories */ = {
			isa = PBXGroup;
			children = (
				69C4D8A41D2CB80F002CE66A /* UIViewController+StatusBar.h */,
				69C4D8A51D2CB80F002CE66A /* UIViewController+StatusBar.m */,
			);
			path = Categories;
			sourceTree = "<group>";
		};
		5ACBA8A11DBF5C89003D2D12 /* storyboard */ = {
			isa = PBXGroup;
			children = (
				5ACBA8A21DBF5C9A003D2D12 /* Launch.storyboard */,
			);
			name = storyboard;
			sourceTree = "<group>";
		};
		691603C61D27A84C00F1509B = {
			isa = PBXGroup;
			children = (
				691603D11D27A84C00F1509B /* VKTask */,
				691603D01D27A84C00F1509B /* Products */,
				7FAA448F1B065A0EDD8BD2D3 /* Pods */,
				B3D1EB792A42AF8B56E70B56 /* Frameworks */,
			);
			sourceTree = "<group>";
		};
		691603D01D27A84C00F1509B /* Products */ = {
			isa = PBXGroup;
			children = (
				691603CF1D27A84C00F1509B /* VKTask.app */,
				691603E81D27A84C00F1509B /* VKTaskTests.xctest */,
				691603F31D27A84C00F1509B /* VKTaskUITests.xctest */,
			);
			name = Products;
			sourceTree = "<group>";
		};
		691603D11D27A84C00F1509B /* VKTask */ = {
			isa = PBXGroup;
			children = (
				5AAE03861D2A3CA600CC94C5 /* Cells */,
				5ABBD91D1D2A270200107A9E /* Categories */,
				698E22691D27CA94003CE1C7 /* Task */,
				698E220E1D27B3F7003CE1C7 /* dataBase */,
				698E21DE1D27A94A003CE1C7 /* app */,
				698E21E11D27A94A003CE1C7 /* Controllers */,
				698E21E41D27A94A003CE1C7 /* Resources */,
			);
			path = VKTask;
			sourceTree = "<group>";
		};
		698E21DE1D27A94A003CE1C7 /* app */ = {
			isa = PBXGroup;
			children = (
				698E21DF1D27A94A003CE1C7 /* AppDelegate.h */,
				698E21E01D27A94A003CE1C7 /* AppDelegate.m */,
			);
			path = app;
			sourceTree = "<group>";
		};
		698E21E11D27A94A003CE1C7 /* Controllers */ = {
			isa = PBXGroup;
			children = (
				E4E96EEE1D52487500691D66 /* Albums */,
				E4E96EFB1D52487C00691D66 /* Audio */,
			);
			path = Controllers;
			sourceTree = "<group>";
		};
		698E21E41D27A94A003CE1C7 /* Resources */ = {
			isa = PBXGroup;
			children = (
				5ACBA8A11DBF5C89003D2D12 /* storyboard */,
				69C4D89F1D2CAF3C002CE66A /* close.png */,
				5AAE038D1D2A3E4F00CC94C5 /* placeholder-hi.png */,
				698E21F31D27A9AF003CE1C7 /* Default-568h@2x.png */,
				698E22061D27AACD003CE1C7 /* Assets.xcassets */,
				698E22021D27AA95003CE1C7 /* main.m */,
				698E21EA1D27A94A003CE1C7 /* Info.plist */,
			);
			path = Resources;
			sourceTree = "<group>";
		};
		698E220E1D27B3F7003CE1C7 /* dataBase */ = {
			isa = PBXGroup;
			children = (
				698E22131D27B531003CE1C7 /* Managment */,
				698E220F1D27B405003CE1C7 /* dataBase.xcdatamodeld */,
			);
			path = dataBase;
			sourceTree = "<group>";
		};
		698E22131D27B531003CE1C7 /* Managment */ = {
			isa = PBXGroup;
			children = (
				5ACBA8A41DBF600F003D2D12 /* AudioTrack+CoreDataClass.h */,
				5ACBA8A51DBF600F003D2D12 /* AudioTrack+CoreDataClass.m */,
				5ACBA8A61DBF600F003D2D12 /* AudioTrack+CoreDataProperties.h */,
				5ACBA8A71DBF600F003D2D12 /* AudioTrack+CoreDataProperties.m */,
				698E22161D27B53C003CE1C7 /* User.h */,
				698E22171D27B53C003CE1C7 /* User.m */,
				5AAE03E21D2A7EE000CC94C5 /* User+CoreDataProperties.h */,
				5AAE03E31D2A7EE000CC94C5 /* User+CoreDataProperties.m */,
				5AAE03D61D2A7EC300CC94C5 /* Album+CoreDataProperties.h */,
				5AAE03D71D2A7EC300CC94C5 /* Album+CoreDataProperties.m */,
				5AAE03D81D2A7EC300CC94C5 /* Album.h */,
				5AAE03D91D2A7EC300CC94C5 /* Album.m */,
				5AAE03DA1D2A7EC300CC94C5 /* Photo+CoreDataProperties.h */,
				5AAE03DB1D2A7EC300CC94C5 /* Photo+CoreDataProperties.m */,
				5AAE03DC1D2A7EC300CC94C5 /* Photo.h */,
				5AAE03DD1D2A7EC300CC94C5 /* Photo.m */,
			);
			path = Managment;
			sourceTree = "<group>";
		};
		698E22691D27CA94003CE1C7 /* Task */ = {
			isa = PBXGroup;
			children = (
				698E226A1D27CAA8003CE1C7 /* VKRequastTask.h */,
				698E226B1D27CAA8003CE1C7 /* VKRequastTask.m */,
			);
			path = Task;
			sourceTree = "<group>";
		};
		7FAA448F1B065A0EDD8BD2D3 /* Pods */ = {
			isa = PBXGroup;
			children = (
				1A9126B5FB37F96F5BB30C31 /* Pods-VKTask.debug.xcconfig */,
				B3B5BA0DB1CE5F21BCCEAB57 /* Pods-VKTask.release.xcconfig */,
			);
			name = Pods;
			sourceTree = "<group>";
		};
		B3D1EB792A42AF8B56E70B56 /* Frameworks */ = {
			isa = PBXGroup;
			children = (
				5856BC0517BC7E20C677F616 /* libPods-VKTask.a */,
				956E071E33EE4ED6433A9F95 /* libPods-VKTaskTests.a */,
				9296C05C2B6BC07EC7A23436 /* libPods-VKTaskUITests.a */,
			);
			name = Frameworks;
			sourceTree = "<group>";
		};
		E4E96EEE1D52487500691D66 /* Albums */ = {
			isa = PBXGroup;
			children = (
				E4E96EEF1D52487500691D66 /* AlbumsViewController.h */,
				E4E96EF01D52487500691D66 /* AlbumsViewController.m */,
				E4E96EF11D52487500691D66 /* GalleryContentViewController.h */,
				E4E96EF21D52487500691D66 /* GalleryContentViewController.m */,
				E4E96EF31D52487600691D66 /* GalleryViewController.h */,
				E4E96EF41D52487600691D66 /* GalleryViewController.m */,
				E4E96EF51D52487600691D66 /* PhotosViewController.h */,
				E4E96EF61D52487600691D66 /* PhotosViewController.m */,
			);
			path = Albums;
			sourceTree = "<group>";
		};
		E4E96EFB1D52487C00691D66 /* Audio */ = {
			isa = PBXGroup;
			children = (
				E4E96EFC1D5248AE00691D66 /* AudioTableViewController.h */,
				E4E96EFD1D5248AE00691D66 /* AudioTableViewController.m */,
			);
			path = Audio;
			sourceTree = "<group>";
		};
/* End PBXGroup section */

/* Begin PBXNativeTarget section */
		691603CE1D27A84C00F1509B /* VKTask */ = {
			isa = PBXNativeTarget;
			buildConfigurationList = 691603FC1D27A84C00F1509B /* Build configuration list for PBXNativeTarget "VKTask" */;
			buildPhases = (
				4FDD210585B007570A1DC302 /* 📦 Check Pods Manifest.lock */,
				691603CB1D27A84C00F1509B /* Sources */,
				691603CC1D27A84C00F1509B /* Frameworks */,
				691603CD1D27A84C00F1509B /* Resources */,
				5F1A782AAE35FEF07CF16B2B /* 📦 Embed Pods Frameworks */,
				9262EFB677EA098227FA5408 /* 📦 Copy Pods Resources */,
				E1BA38358DC49A0AEB305857 /* Embed Pods Frameworks */,
			);
			buildRules = (
			);
			dependencies = (
			);
			name = VKTask;
			productName = VKTask;
			productReference = 691603CF1D27A84C00F1509B /* VKTask.app */;
			productType = "com.apple.product-type.application";
		};
		691603E71D27A84C00F1509B /* VKTaskTests */ = {
			isa = PBXNativeTarget;
			buildConfigurationList = 691603FF1D27A84C00F1509B /* Build configuration list for PBXNativeTarget "VKTaskTests" */;
			buildPhases = (
				691603E41D27A84C00F1509B /* Sources */,
				691603E51D27A84C00F1509B /* Frameworks */,
				691603E61D27A84C00F1509B /* Resources */,
			);
			buildRules = (
			);
			dependencies = (
				691603EA1D27A84C00F1509B /* PBXTargetDependency */,
			);
			name = VKTaskTests;
			productName = VKTaskTests;
			productReference = 691603E81D27A84C00F1509B /* VKTaskTests.xctest */;
			productType = "com.apple.product-type.bundle.unit-test";
		};
		691603F21D27A84C00F1509B /* VKTaskUITests */ = {
			isa = PBXNativeTarget;
			buildConfigurationList = 691604021D27A84C00F1509B /* Build configuration list for PBXNativeTarget "VKTaskUITests" */;
			buildPhases = (
				691603EF1D27A84C00F1509B /* Sources */,
				691603F01D27A84C00F1509B /* Frameworks */,
				691603F11D27A84C00F1509B /* Resources */,
			);
			buildRules = (
			);
			dependencies = (
				691603F51D27A84C00F1509B /* PBXTargetDependency */,
			);
			name = VKTaskUITests;
			productName = VKTaskUITests;
			productReference = 691603F31D27A84C00F1509B /* VKTaskUITests.xctest */;
			productType = "com.apple.product-type.bundle.ui-testing";
		};
/* End PBXNativeTarget section */

/* Begin PBXProject section */
		691603C71D27A84C00F1509B /* Project object */ = {
			isa = PBXProject;
			attributes = {
				LastUpgradeCheck = 0730;
				ORGANIZATIONNAME = "Vladislav Molodetskiy";
				TargetAttributes = {
					691603CE1D27A84C00F1509B = {
						CreatedOnToolsVersion = 7.3.1;
						DevelopmentTeam = QKNV954376;
					};
					691603E71D27A84C00F1509B = {
						CreatedOnToolsVersion = 7.3.1;
						TestTargetID = 691603CE1D27A84C00F1509B;
					};
					691603F21D27A84C00F1509B = {
						CreatedOnToolsVersion = 7.3.1;
						TestTargetID = 691603CE1D27A84C00F1509B;
					};
				};
			};
			buildConfigurationList = 691603CA1D27A84C00F1509B /* Build configuration list for PBXProject "VKTask" */;
			compatibilityVersion = "Xcode 3.2";
			developmentRegion = English;
			hasScannedForEncodings = 0;
			knownRegions = (
				en,
				Base,
			);
			mainGroup = 691603C61D27A84C00F1509B;
			productRefGroup = 691603D01D27A84C00F1509B /* Products */;
			projectDirPath = "";
			projectRoot = "";
			targets = (
				691603CE1D27A84C00F1509B /* VKTask */,
				691603E71D27A84C00F1509B /* VKTaskTests */,
				691603F21D27A84C00F1509B /* VKTaskUITests */,
			);
		};
/* End PBXProject section */

/* Begin PBXResourcesBuildPhase section */
		691603CD1D27A84C00F1509B /* Resources */ = {
			isa = PBXResourcesBuildPhase;
			buildActionMask = 2147483647;
			files = (
				69C4D8A01D2CAF3C002CE66A /* close.png in Resources */,
				6984A9721D2CB96600487ED5 /* CustomCollectionViewCell.xib in Resources */,
				698E22071D27AACD003CE1C7 /* Assets.xcassets in Resources */,
				5AAE038E1D2A3E4F00CC94C5 /* placeholder-hi.png in Resources */,
				5ACBA8A31DBF5C9A003D2D12 /* Launch.storyboard in Resources */,
				5AAE03B41D2A7CAD00CC94C5 /* CustomTableViewCell.xib in Resources */,
				5AAE038C1D2A3DB000CC94C5 /* Default-568h@2x.png in Resources */,
			);
			runOnlyForDeploymentPostprocessing = 0;
		};
		691603E61D27A84C00F1509B /* Resources */ = {
			isa = PBXResourcesBuildPhase;
			buildActionMask = 2147483647;
			files = (
			);
			runOnlyForDeploymentPostprocessing = 0;
		};
		691603F11D27A84C00F1509B /* Resources */ = {
			isa = PBXResourcesBuildPhase;
			buildActionMask = 2147483647;
			files = (
			);
			runOnlyForDeploymentPostprocessing = 0;
		};
/* End PBXResourcesBuildPhase section */

/* Begin PBXShellScriptBuildPhase section */
		4FDD210585B007570A1DC302 /* 📦 Check Pods Manifest.lock */ = {
			isa = PBXShellScriptBuildPhase;
			buildActionMask = 2147483647;
			files = (
			);
			inputPaths = (
			);
			name = "📦 Check Pods Manifest.lock";
			outputPaths = (
			);
			runOnlyForDeploymentPostprocessing = 0;
			shellPath = /bin/sh;
			shellScript = "diff \"${PODS_ROOT}/../Podfile.lock\" \"${PODS_ROOT}/Manifest.lock\" > /dev/null\nif [[ $? != 0 ]] ; then\n    cat << EOM\nerror: The sandbox is not in sync with the Podfile.lock. Run 'pod install' or update your CocoaPods installation.\nEOM\n    exit 1\nfi\n";
			showEnvVarsInLog = 0;
		};
		5F1A782AAE35FEF07CF16B2B /* 📦 Embed Pods Frameworks */ = {
			isa = PBXShellScriptBuildPhase;
			buildActionMask = 2147483647;
			files = (
			);
			inputPaths = (
			);
			name = "📦 Embed Pods Frameworks";
			outputPaths = (
			);
			runOnlyForDeploymentPostprocessing = 0;
			shellPath = /bin/sh;
			shellScript = "\"${SRCROOT}/Pods/Target Support Files/Pods-VKTask/Pods-VKTask-frameworks.sh\"\n";
			showEnvVarsInLog = 0;
		};
		9262EFB677EA098227FA5408 /* 📦 Copy Pods Resources */ = {
			isa = PBXShellScriptBuildPhase;
			buildActionMask = 2147483647;
			files = (
			);
			inputPaths = (
			);
			name = "📦 Copy Pods Resources";
			outputPaths = (
			);
			runOnlyForDeploymentPostprocessing = 0;
			shellPath = /bin/sh;
			shellScript = "\"${SRCROOT}/Pods/Target Support Files/Pods-VKTask/Pods-VKTask-resources.sh\"\n";
			showEnvVarsInLog = 0;
		};
		E1BA38358DC49A0AEB305857 /* Embed Pods Frameworks */ = {
			isa = PBXShellScriptBuildPhase;
			buildActionMask = 2147483647;
			files = (
			);
			inputPaths = (
			);
			name = "Embed Pods Frameworks";
			outputPaths = (
			);
			runOnlyForDeploymentPostprocessing = 0;
			shellPath = /bin/sh;
			shellScript = "\"${SRCROOT}/Pods/Target Support Files/Pods-VKTask/Pods-VKTask-frameworks.sh\"\n";
			showEnvVarsInLog = 0;
		};
/* End PBXShellScriptBuildPhase section */

/* Begin PBXSourcesBuildPhase section */
		691603CB1D27A84C00F1509B /* Sources */ = {
			isa = PBXSourcesBuildPhase;
			buildActionMask = 2147483647;
			files = (
				5ACBA8A91DBF600F003D2D12 /* AudioTrack+CoreDataProperties.m in Sources */,
				5AAE03E41D2A7EE000CC94C5 /* User+CoreDataProperties.m in Sources */,
				5ACBA8A81DBF600F003D2D12 /* AudioTrack+CoreDataClass.m in Sources */,
				698E22211D27B53C003CE1C7 /* User.m in Sources */,
				5AAE03B31D2A7CAD00CC94C5 /* CustomTableViewCell.m in Sources */,
				698E22111D27B405003CE1C7 /* dataBase.xcdatamodeld in Sources */,
				5AAE03E11D2A7EC300CC94C5 /* Photo.m in Sources */,
				E4E96EF71D52487600691D66 /* AlbumsViewController.m in Sources */,
				6984A9711D2CB96600487ED5 /* CustomCollectionViewCell.m in Sources */,
				E4E96EF91D52487600691D66 /* GalleryViewController.m in Sources */,
				E4E96EFA1D52487600691D66 /* PhotosViewController.m in Sources */,
				698E22031D27AA95003CE1C7 /* main.m in Sources */,
				E4E96EFE1D5248AE00691D66 /* AudioTableViewController.m in Sources */,
				69C4D8A61D2CB80F002CE66A /* UIViewController+StatusBar.m in Sources */,
				5AAE03E01D2A7EC300CC94C5 /* Photo+CoreDataProperties.m in Sources */,
				698E21EC1D27A94A003CE1C7 /* AppDelegate.m in Sources */,
				698E226C1D27CAA8003CE1C7 /* VKRequastTask.m in Sources */,
				E4E96EF81D52487600691D66 /* GalleryContentViewController.m in Sources */,
				5AAE03DE1D2A7EC300CC94C5 /* Album+CoreDataProperties.m in Sources */,
				5AAE03DF1D2A7EC300CC94C5 /* Album.m in Sources */,
			);
			runOnlyForDeploymentPostprocessing = 0;
		};
		691603E41D27A84C00F1509B /* Sources */ = {
			isa = PBXSourcesBuildPhase;
			buildActionMask = 2147483647;
			files = (
			);
			runOnlyForDeploymentPostprocessing = 0;
		};
		691603EF1D27A84C00F1509B /* Sources */ = {
			isa = PBXSourcesBuildPhase;
			buildActionMask = 2147483647;
			files = (
			);
			runOnlyForDeploymentPostprocessing = 0;
		};
/* End PBXSourcesBuildPhase section */

/* Begin PBXTargetDependency section */
		691603EA1D27A84C00F1509B /* PBXTargetDependency */ = {
			isa = PBXTargetDependency;
			target = 691603CE1D27A84C00F1509B /* VKTask */;
			targetProxy = 691603E91D27A84C00F1509B /* PBXContainerItemProxy */;
		};
		691603F51D27A84C00F1509B /* PBXTargetDependency */ = {
			isa = PBXTargetDependency;
			target = 691603CE1D27A84C00F1509B /* VKTask */;
			targetProxy = 691603F41D27A84C00F1509B /* PBXContainerItemProxy */;
		};
/* End PBXTargetDependency section */

/* Begin XCBuildConfiguration section */
		691603FA1D27A84C00F1509B /* Debug */ = {
			isa = XCBuildConfiguration;
			buildSettings = {
				ALWAYS_SEARCH_USER_PATHS = NO;
				CLANG_ANALYZER_NONNULL = YES;
				CLANG_CXX_LANGUAGE_STANDARD = "gnu++0x";
				CLANG_CXX_LIBRARY = "libc++";
				CLANG_ENABLE_MODULES = YES;
				CLANG_ENABLE_OBJC_ARC = YES;
				CLANG_WARN_BOOL_CONVERSION = YES;
				CLANG_WARN_CONSTANT_CONVERSION = YES;
				CLANG_WARN_DIRECT_OBJC_ISA_USAGE = YES_ERROR;
				CLANG_WARN_EMPTY_BODY = YES;
				CLANG_WARN_ENUM_CONVERSION = YES;
				CLANG_WARN_INT_CONVERSION = YES;
				CLANG_WARN_OBJC_ROOT_CLASS = YES_ERROR;
				CLANG_WARN_UNREACHABLE_CODE = YES;
				CLANG_WARN__DUPLICATE_METHOD_MATCH = YES;
				"CODE_SIGN_IDENTITY[sdk=iphoneos*]" = "iPhone Developer";
				COPY_PHASE_STRIP = NO;
				DEBUG_INFORMATION_FORMAT = dwarf;
				ENABLE_STRICT_OBJC_MSGSEND = YES;
				ENABLE_TESTABILITY = YES;
				GCC_C_LANGUAGE_STANDARD = gnu99;
				GCC_DYNAMIC_NO_PIC = NO;
				GCC_NO_COMMON_BLOCKS = YES;
				GCC_OPTIMIZATION_LEVEL = 0;
				GCC_PREPROCESSOR_DEFINITIONS = (
					"DEBUG=1",
					"$(inherited)",
				);
				GCC_WARN_64_TO_32_BIT_CONVERSION = YES;
				GCC_WARN_ABOUT_RETURN_TYPE = YES_ERROR;
				GCC_WARN_UNDECLARED_SELECTOR = YES;
				GCC_WARN_UNINITIALIZED_AUTOS = YES_AGGRESSIVE;
				GCC_WARN_UNUSED_FUNCTION = YES;
				GCC_WARN_UNUSED_VARIABLE = YES;
				IPHONEOS_DEPLOYMENT_TARGET = 9.3;
				MTL_ENABLE_DEBUG_INFO = YES;
				ONLY_ACTIVE_ARCH = YES;
				SDKROOT = iphoneos;
				TARGETED_DEVICE_FAMILY = "1,2";
			};
			name = Debug;
		};
		691603FB1D27A84C00F1509B /* Release */ = {
			isa = XCBuildConfiguration;
			buildSettings = {
				ALWAYS_SEARCH_USER_PATHS = NO;
				CLANG_ANALYZER_NONNULL = YES;
				CLANG_CXX_LANGUAGE_STANDARD = "gnu++0x";
				CLANG_CXX_LIBRARY = "libc++";
				CLANG_ENABLE_MODULES = YES;
				CLANG_ENABLE_OBJC_ARC = YES;
				CLANG_WARN_BOOL_CONVERSION = YES;
				CLANG_WARN_CONSTANT_CONVERSION = YES;
				CLANG_WARN_DIRECT_OBJC_ISA_USAGE = YES_ERROR;
				CLANG_WARN_EMPTY_BODY = YES;
				CLANG_WARN_ENUM_CONVERSION = YES;
				CLANG_WARN_INT_CONVERSION = YES;
				CLANG_WARN_OBJC_ROOT_CLASS = YES_ERROR;
				CLANG_WARN_UNREACHABLE_CODE = YES;
				CLANG_WARN__DUPLICATE_METHOD_MATCH = YES;
				"CODE_SIGN_IDENTITY[sdk=iphoneos*]" = "iPhone Developer";
				COPY_PHASE_STRIP = NO;
				DEBUG_INFORMATION_FORMAT = "dwarf-with-dsym";
				ENABLE_NS_ASSERTIONS = NO;
				ENABLE_STRICT_OBJC_MSGSEND = YES;
				GCC_C_LANGUAGE_STANDARD = gnu99;
				GCC_NO_COMMON_BLOCKS = YES;
				GCC_WARN_64_TO_32_BIT_CONVERSION = YES;
				GCC_WARN_ABOUT_RETURN_TYPE = YES_ERROR;
				GCC_WARN_UNDECLARED_SELECTOR = YES;
				GCC_WARN_UNINITIALIZED_AUTOS = YES_AGGRESSIVE;
				GCC_WARN_UNUSED_FUNCTION = YES;
				GCC_WARN_UNUSED_VARIABLE = YES;
				IPHONEOS_DEPLOYMENT_TARGET = 9.3;
				MTL_ENABLE_DEBUG_INFO = NO;
				SDKROOT = iphoneos;
				TARGETED_DEVICE_FAMILY = "1,2";
				VALIDATE_PRODUCT = YES;
			};
			name = Release;
		};
		691603FD1D27A84C00F1509B /* Debug */ = {
			isa = XCBuildConfiguration;
			baseConfigurationReference = 1A9126B5FB37F96F5BB30C31 /* Pods-VKTask.debug.xcconfig */;
			buildSettings = {
				ASSETCATALOG_COMPILER_APPICON_NAME = AppIcon;
				ASSETCATALOG_COMPILER_LAUNCHIMAGE_NAME = LaunchImage;
				DEVELOPMENT_TEAM = QKNV954376;
				INFOPLIST_FILE = "$(SRCROOT)/VKTask/Resources/Info.plist";
				IPHONEOS_DEPLOYMENT_TARGET = 6.0;
				LD_RUNPATH_SEARCH_PATHS = "$(inherited) @executable_path/Frameworks";
				PRODUCT_BUNDLE_IDENTIFIER = vkTest;
				PRODUCT_NAME = "$(TARGET_NAME)";
			};
			name = Debug;
		};
		691603FE1D27A84C00F1509B /* Release */ = {
			isa = XCBuildConfiguration;
			baseConfigurationReference = B3B5BA0DB1CE5F21BCCEAB57 /* Pods-VKTask.release.xcconfig */;
			buildSettings = {
				ASSETCATALOG_COMPILER_APPICON_NAME = AppIcon;
				ASSETCATALOG_COMPILER_LAUNCHIMAGE_NAME = LaunchImage;
				DEVELOPMENT_TEAM = QKNV954376;
				INFOPLIST_FILE = "$(SRCROOT)/VKTask/Resources/Info.plist";
				IPHONEOS_DEPLOYMENT_TARGET = 6.0;
				LD_RUNPATH_SEARCH_PATHS = "$(inherited) @executable_path/Frameworks";
				PRODUCT_BUNDLE_IDENTIFIER = vkTest;
				PRODUCT_NAME = "$(TARGET_NAME)";
			};
			name = Release;
		};
		691604001D27A84C00F1509B /* Debug */ = {
			isa = XCBuildConfiguration;
			buildSettings = {
				BUNDLE_LOADER = "$(TEST_HOST)";
				INFOPLIST_FILE = VKTaskTests/Info.plist;
				LD_RUNPATH_SEARCH_PATHS = "$(inherited) @executable_path/Frameworks @loader_path/Frameworks";
				PRODUCT_BUNDLE_IDENTIFIER = vkTest.VKTaskTests;
				PRODUCT_NAME = "$(TARGET_NAME)";
				TEST_HOST = "$(BUILT_PRODUCTS_DIR)/VKTask.app/VKTask";
			};
			name = Debug;
		};
		691604011D27A84C00F1509B /* Release */ = {
			isa = XCBuildConfiguration;
			buildSettings = {
				BUNDLE_LOADER = "$(TEST_HOST)";
				INFOPLIST_FILE = VKTaskTests/Info.plist;
				LD_RUNPATH_SEARCH_PATHS = "$(inherited) @executable_path/Frameworks @loader_path/Frameworks";
				PRODUCT_BUNDLE_IDENTIFIER = vkTest.VKTaskTests;
				PRODUCT_NAME = "$(TARGET_NAME)";
				TEST_HOST = "$(BUILT_PRODUCTS_DIR)/VKTask.app/VKTask";
			};
			name = Release;
		};
		691604031D27A84C00F1509B /* Debug */ = {
			isa = XCBuildConfiguration;
			buildSettings = {
				INFOPLIST_FILE = VKTaskUITests/Info.plist;
				LD_RUNPATH_SEARCH_PATHS = "$(inherited) @executable_path/Frameworks @loader_path/Frameworks";
				PRODUCT_BUNDLE_IDENTIFIER = vkTest.VKTaskUITests;
				PRODUCT_NAME = "$(TARGET_NAME)";
				TEST_TARGET_NAME = VKTask;
			};
			name = Debug;
		};
		691604041D27A84C00F1509B /* Release */ = {
			isa = XCBuildConfiguration;
			buildSettings = {
				INFOPLIST_FILE = VKTaskUITests/Info.plist;
				LD_RUNPATH_SEARCH_PATHS = "$(inherited) @executable_path/Frameworks @loader_path/Frameworks";
				PRODUCT_BUNDLE_IDENTIFIER = vkTest.VKTaskUITests;
				PRODUCT_NAME = "$(TARGET_NAME)";
				TEST_TARGET_NAME = VKTask;
			};
			name = Release;
		};
/* End XCBuildConfiguration section */

/* Begin XCConfigurationList section */
		691603CA1D27A84C00F1509B /* Build configuration list for PBXProject "VKTask" */ = {
			isa = XCConfigurationList;
			buildConfigurations = (
				691603FA1D27A84C00F1509B /* Debug */,
				691603FB1D27A84C00F1509B /* Release */,
			);
			defaultConfigurationIsVisible = 0;
			defaultConfigurationName = Release;
		};
		691603FC1D27A84C00F1509B /* Build configuration list for PBXNativeTarget "VKTask" */ = {
			isa = XCConfigurationList;
			buildConfigurations = (
				691603FD1D27A84C00F1509B /* Debug */,
				691603FE1D27A84C00F1509B /* Release */,
			);
			defaultConfigurationIsVisible = 0;
			defaultConfigurationName = Release;
		};
		691603FF1D27A84C00F1509B /* Build configuration list for PBXNativeTarget "VKTaskTests" */ = {
			isa = XCConfigurationList;
			buildConfigurations = (
				691604001D27A84C00F1509B /* Debug */,
				691604011D27A84C00F1509B /* Release */,
			);
			defaultConfigurationIsVisible = 0;
			defaultConfigurationName = Release;
		};
		691604021D27A84C00F1509B /* Build configuration list for PBXNativeTarget "VKTaskUITests" */ = {
			isa = XCConfigurationList;
			buildConfigurations = (
				691604031D27A84C00F1509B /* Debug */,
				691604041D27A84C00F1509B /* Release */,
			);
			defaultConfigurationIsVisible = 0;
			defaultConfigurationName = Release;
		};
/* End XCConfigurationList section */

/* Begin XCVersionGroup section */
		698E220F1D27B405003CE1C7 /* dataBase.xcdatamodeld */ = {
			isa = XCVersionGroup;
			children = (
				698E22101D27B405003CE1C7 /* dataBase.xcdatamodel */,
			);
			currentVersion = 698E22101D27B405003CE1C7 /* dataBase.xcdatamodel */;
			path = dataBase.xcdatamodeld;
			sourceTree = "<group>";
			versionGroupType = wrapper.xcdatamodel;
		};
/* End XCVersionGroup section */
	};
	rootObject = 691603C71D27A84C00F1509B /* Project object */;
}
